// !$*UTF8*$!
{
	archiveVersion = 1;
	classes = {
	};
	objectVersion = 50;
	objects = {

/* Begin PBXBuildFile section */
		79274FFA20B4B4950068CE40 /* AppDelegate.swift in Sources */ = {isa = PBXBuildFile; fileRef = 79274FF920B4B4950068CE40 /* AppDelegate.swift */; };
		79274FFC20B4B4950068CE40 /* ViewController.swift in Sources */ = {isa = PBXBuildFile; fileRef = 79274FFB20B4B4950068CE40 /* ViewController.swift */; };
		7927500220B4B4950068CE40 /* AppHeader.xcdatamodeld in Sources */ = {isa = PBXBuildFile; fileRef = 7927500020B4B4950068CE40 /* AppHeader.xcdatamodeld */; };
		7927500420B4B4950068CE40 /* Assets.xcassets in Resources */ = {isa = PBXBuildFile; fileRef = 7927500320B4B4950068CE40 /* Assets.xcassets */; };
		7927500720B4B4950068CE40 /* LaunchScreen.storyboard in Resources */ = {isa = PBXBuildFile; fileRef = 7927500520B4B4950068CE40 /* LaunchScreen.storyboard */; };
		7927500F20B4B5280068CE40 /* MNHeader.swift in Sources */ = {isa = PBXBuildFile; fileRef = 7927500E20B4B5280068CE40 /* MNHeader.swift */; };
		7927501320B4BC9B0068CE40 /* MNGradient.swift in Sources */ = {isa = PBXBuildFile; fileRef = 7927501220B4BC9B0068CE40 /* MNGradient.swift */; };
/* End PBXBuildFile section */

/* Begin PBXFileReference section */
		79274FF620B4B4950068CE40 /* AppHeader.app */ = {isa = PBXFileReference; explicitFileType = wrapper.application; includeInIndex = 0; path = AppHeader.app; sourceTree = BUILT_PRODUCTS_DIR; };
		79274FF920B4B4950068CE40 /* AppDelegate.swift */ = {isa = PBXFileReference; lastKnownFileType = sourcecode.swift; path = AppDelegate.swift; sourceTree = "<group>"; };
		79274FFB20B4B4950068CE40 /* ViewController.swift */ = {isa = PBXFileReference; lastKnownFileType = sourcecode.swift; path = ViewController.swift; sourceTree = "<group>"; };
		7927500120B4B4950068CE40 /* AppHeader.xcdatamodel */ = {isa = PBXFileReference; lastKnownFileType = wrapper.xcdatamodel; path = AppHeader.xcdatamodel; sourceTree = "<group>"; };
		7927500320B4B4950068CE40 /* Assets.xcassets */ = {isa = PBXFileReference; lastKnownFileType = folder.assetcatalog; path = Assets.xcassets; sourceTree = "<group>"; };
		7927500620B4B4950068CE40 /* Base */ = {isa = PBXFileReference; lastKnownFileType = file.storyboard; name = Base; path = Base.lproj/LaunchScreen.storyboard; sourceTree = "<group>"; };
		7927500820B4B4960068CE40 /* Info.plist */ = {isa = PBXFileReference; lastKnownFileType = text.plist.xml; path = Info.plist; sourceTree = "<group>"; };
		7927500E20B4B5280068CE40 /* MNHeader.swift */ = {isa = PBXFileReference; lastKnownFileType = sourcecode.swift; path = MNHeader.swift; sourceTree = "<group>"; };
		7927501220B4BC9B0068CE40 /* MNGradient.swift */ = {isa = PBXFileReference; lastKnownFileType = sourcecode.swift; path = MNGradient.swift; sourceTree = "<group>"; };
/* End PBXFileReference section */

/* Begin PBXFrameworksBuildPhase section */
		79274FF320B4B4950068CE40 /* Frameworks */ = {
			isa = PBXFrameworksBuildPhase;
			buildActionMask = 2147483647;
			files = (
			);
			runOnlyForDeploymentPostprocessing = 0;
		};
/* End PBXFrameworksBuildPhase section */

/* Begin PBXGroup section */
		79274FED20B4B4940068CE40 = {
			isa = PBXGroup;
			children = (
				79274FF820B4B4950068CE40 /* AppHeader */,
				79274FF720B4B4950068CE40 /* Products */,
			);
			sourceTree = "<group>";
		};
		79274FF720B4B4950068CE40 /* Products */ = {
			isa = PBXGroup;
			children = (
				79274FF620B4B4950068CE40 /* AppHeader.app */,
			);
			name = Products;
			sourceTree = "<group>";
		};
		79274FF820B4B4950068CE40 /* AppHeader */ = {
			isa = PBXGroup;
			children = (
				79274FF920B4B4950068CE40 /* AppDelegate.swift */,
				79274FFB20B4B4950068CE40 /* ViewController.swift */,
				7927500320B4B4950068CE40 /* Assets.xcassets */,
				7927500520B4B4950068CE40 /* LaunchScreen.storyboard */,
				7927500820B4B4960068CE40 /* Info.plist */,
				7927500020B4B4950068CE40 /* AppHeader.xcdatamodeld */,
				7927500E20B4B5280068CE40 /* MNHeader.swift */,
				7927501220B4BC9B0068CE40 /* MNGradient.swift */,
			);
			path = AppHeader;
			sourceTree = "<group>";
		};
/* End PBXGroup section */

/* Begin PBXNativeTarget section */
		79274FF520B4B4950068CE40 /* AppHeader */ = {
			isa = PBXNativeTarget;
			buildConfigurationList = 7927500B20B4B4960068CE40 /* Build configuration list for PBXNativeTarget "AppHeader" */;
			buildPhases = (
				79274FF220B4B4950068CE40 /* Sources */,
				79274FF320B4B4950068CE40 /* Frameworks */,
				79274FF420B4B4950068CE40 /* Resources */,
			);
			buildRules = (
			);
			dependencies = (
			);
			name = AppHeader;
			productName = AppHeader;
			productReference = 79274FF620B4B4950068CE40 /* AppHeader.app */;
			productType = "com.apple.product-type.application";
		};
/* End PBXNativeTarget section */

/* Begin PBXProject section */
		79274FEE20B4B4950068CE40 /* Project object */ = {
			isa = PBXProject;
			attributes = {
				LastSwiftUpdateCheck = 0930;
				LastUpgradeCheck = 0930;
				ORGANIZATIONNAME = AsherApps;
				TargetAttributes = {
					79274FF520B4B4950068CE40 = {
						CreatedOnToolsVersion = 9.3.1;
					};
				};
			};
			buildConfigurationList = 79274FF120B4B4950068CE40 /* Build configuration list for PBXProject "AppHeader" */;
			compatibilityVersion = "Xcode 9.3";
			developmentRegion = en;
			hasScannedForEncodings = 0;
			knownRegions = (
				en,
				Base,
			);
			mainGroup = 79274FED20B4B4940068CE40;
			productRefGroup = 79274FF720B4B4950068CE40 /* Products */;
			projectDirPath = "";
			projectRoot = "";
			targets = (
				79274FF520B4B4950068CE40 /* AppHeader */,
			);
		};
/* End PBXProject section */

/* Begin PBXResourcesBuildPhase section */
		79274FF420B4B4950068CE40 /* Resources */ = {
			isa = PBXResourcesBuildPhase;
			buildActionMask = 2147483647;
			files = (
				7927500720B4B4950068CE40 /* LaunchScreen.storyboard in Resources */,
				7927500420B4B4950068CE40 /* Assets.xcassets in Resources */,
			);
			runOnlyForDeploymentPostprocessing = 0;
		};
/* End PBXResourcesBuildPhase section */

/* Begin PBXSourcesBuildPhase section */
		79274FF220B4B4950068CE40 /* Sources */ = {
			isa = PBXSourcesBuildPhase;
			buildActionMask = 2147483647;
			files = (
				79274FFC20B4B4950068CE40 /* ViewController.swift in Sources */,
				7927500F20B4B5280068CE40 /* MNHeader.swift in Sources */,
				7927500220B4B4950068CE40 /* AppHeader.xcdatamodeld in Sources */,
				7927501320B4BC9B0068CE40 /* MNGradient.swift in Sources */,
				79274FFA20B4B4950068CE40 /* AppDelegate.swift in Sources */,
			);
			runOnlyForDeploymentPostprocessing = 0;
		};
/* End PBXSourcesBuildPhase section */

/* Begin PBXVariantGroup section */
		7927500520B4B4950068CE40 /* LaunchScreen.storyboard */ = {
			isa = PBXVariantGroup;
			children = (
				7927500620B4B4950068CE40 /* Base */,
			);
			name = LaunchScreen.storyboard;
			sourceTree = "<group>";
		};
/* End PBXVariantGroup section */

/* Begin XCBuildConfiguration section */
		7927500920B4B4960068CE40 /* Debug */ = {
			isa = XCBuildConfiguration;
			buildSettings = {
				ALWAYS_SEARCH_USER_PATHS = NO;
				CLANG_ANALYZER_NONNULL = YES;
				CLANG_ANALYZER_NUMBER_OBJECT_CONVERSION = YES_AGGRESSIVE;
				CLANG_CXX_LANGUAGE_STANDARD = "gnu++14";
				CLANG_CXX_LIBRARY = "libc++";
				CLANG_ENABLE_MODULES = YES;
				CLANG_ENABLE_OBJC_ARC = YES;
				CLANG_ENABLE_OBJC_WEAK = YES;
				CLANG_WARN_BLOCK_CAPTURE_AUTORELEASING = YES;
				CLANG_WARN_BOOL_CONVERSION = YES;
				CLANG_WARN_COMMA = YES;
				CLANG_WARN_CONSTANT_CONVERSION = YES;
				CLANG_WARN_DEPRECATED_OBJC_IMPLEMENTATIONS = YES;
				CLANG_WARN_DIRECT_OBJC_ISA_USAGE = YES_ERROR;
				CLANG_WARN_DOCUMENTATION_COMMENTS = YES;
				CLANG_WARN_EMPTY_BODY = YES;
				CLANG_WARN_ENUM_CONVERSION = YES;
				CLANG_WARN_INFINITE_RECURSION = YES;
				CLANG_WARN_INT_CONVERSION = YES;
				CLANG_WARN_NON_LITERAL_NULL_CONVERSION = YES;
				CLANG_WARN_OBJC_IMPLICIT_RETAIN_SELF = YES;
				CLANG_WARN_OBJC_LITERAL_CONVERSION = YES;
				CLANG_WARN_OBJC_ROOT_CLASS = YES_ERROR;
				CLANG_WARN_RANGE_LOOP_ANALYSIS = YES;
				CLANG_WARN_STRICT_PROTOTYPES = YES;
				CLANG_WARN_SUSPICIOUS_MOVE = YES;
				CLANG_WARN_UNGUARDED_AVAILABILITY = YES_AGGRESSIVE;
				CLANG_WARN_UNREACHABLE_CODE = YES;
				CLANG_WARN__DUPLICATE_METHOD_MATCH = YES;
				CODE_SIGN_IDENTITY = "iPhone Developer";
				COPY_PHASE_STRIP = NO;
				DEBUG_INFORMATION_FORMAT = dwarf;
				ENABLE_STRICT_OBJC_MSGSEND = YES;
				ENABLE_TESTABILITY = YES;
				GCC_C_LANGUAGE_STANDARD = gnu11;
				GCC_DYNAMIC_NO_PIC = NO;
				GCC_NO_COMMON_BLOCKS = YES;
				GCC_OPTIMIZATION_LEVEL = 0;
				GCC_PREPROCESSOR_DEFINITIONS = (
					"DEBUG=1",
					"$(inherited)",
				);
				GCC_WARN_64_TO_32_BIT_CONVERSION = YES;
				GCC_WARN_ABOUT_RETURN_TYPE = YES_ERROR;
				GCC_WARN_UNDECLARED_SELECTOR = YES;
				GCC_WARN_UNINITIALIZED_AUTOS = YES_AGGRESSIVE;
				GCC_WARN_UNUSED_FUNCTION = YES;
				GCC_WARN_UNUSED_VARIABLE = YES;
				IPHONEOS_DEPLOYMENT_TARGET = 11.3;
				MTL_ENABLE_DEBUG_INFO = YES;
				ONLY_ACTIVE_ARCH = YES;
				SDKROOT = iphoneos;
				SWIFT_ACTIVE_COMPILATION_CONDITIONS = DEBUG;
				SWIFT_OPTIMIZATION_LEVEL = "-Onone";
			};
			name = Debug;
		};
		7927500A20B4B4960068CE40 /* Release */ = {
			isa = XCBuildConfiguration;
			buildSettings = {
				ALWAYS_SEARCH_USER_PATHS = NO;
				CLANG_ANALYZER_NONNULL = YES;
				CLANG_ANALYZER_NUMBER_OBJECT_CONVERSION = YES_AGGRESSIVE;
				CLANG_CXX_LANGUAGE_STANDARD = "gnu++14";
				CLANG_CXX_LIBRARY = "libc++";
				CLANG_ENABLE_MODULES = YES;
				CLANG_ENABLE_OBJC_ARC = YES;
				CLANG_ENABLE_OBJC_WEAK = YES;
				CLANG_WARN_BLOCK_CAPTURE_AUTORELEASING = YES;
				CLANG_WARN_BOOL_CONVERSION = YES;
				CLANG_WARN_COMMA = YES;
				CLANG_WARN_CONSTANT_CONVERSION = YES;
				CLANG_WARN_DEPRECATED_OBJC_IMPLEMENTATIONS = YES;
				CLANG_WARN_DIRECT_OBJC_ISA_USAGE = YES_ERROR;
				CLANG_WARN_DOCUMENTATION_COMMENTS = YES;
				CLANG_WARN_EMPTY_BODY = YES;
				CLANG_WARN_ENUM_CONVERSION = YES;
				CLANG_WARN_INFINITE_RECURSION = YES;
				CLANG_WARN_INT_CONVERSION = YES;
				CLANG_WARN_NON_LITERAL_NULL_CONVERSION = YES;
				CLANG_WARN_OBJC_IMPLICIT_RETAIN_SELF = YES;
				CLANG_WARN_OBJC_LITERAL_CONVERSION = YES;
				CLANG_WARN_OBJC_ROOT_CLASS = YES_ERROR;
				CLANG_WARN_RANGE_LOOP_ANALYSIS = YES;
				CLANG_WARN_STRICT_PROTOTYPES = YES;
				CLANG_WARN_SUSPICIOUS_MOVE = YES;
				CLANG_WARN_UNGUARDED_AVAILABILITY = YES_AGGRESSIVE;
				CLANG_WARN_UNREACHABLE_CODE = YES;
				CLANG_WARN__DUPLICATE_METHOD_MATCH = YES;
				CODE_SIGN_IDENTITY = "iPhone Developer";
				COPY_PHASE_STRIP = NO;
				DEBUG_INFORMATION_FORMAT = "dwarf-with-dsym";
				ENABLE_NS_ASSERTIONS = NO;
				ENABLE_STRICT_OBJC_MSGSEND = YES;
				GCC_C_LANGUAGE_STANDARD = gnu11;
				GCC_NO_COMMON_BLOCKS = YES;
				GCC_WARN_64_TO_32_BIT_CONVERSION = YES;
				GCC_WARN_ABOUT_RETURN_TYPE = YES_ERROR;
				GCC_WARN_UNDECLARED_SELECTOR = YES;
				GCC_WARN_UNINITIALIZED_AUTOS = YES_AGGRESSIVE;
				GCC_WARN_UNUSED_FUNCTION = YES;
				GCC_WARN_UNUSED_VARIABLE = YES;
				IPHONEOS_DEPLOYMENT_TARGET = 11.3;
				MTL_ENABLE_DEBUG_INFO = NO;
				SDKROOT = iphoneos;
				SWIFT_COMPILATION_MODE = wholemodule;
				SWIFT_OPTIMIZATION_LEVEL = "-O";
				VALIDATE_PRODUCT = YES;
			};
			name = Release;
		};
		7927500C20B4B4960068CE40 /* Debug */ = {
			isa = XCBuildConfiguration;
			buildSettings = {
				ASSETCATALOG_COMPILER_APPICON_NAME = AppIcon;
				CODE_SIGN_STYLE = Automatic;
				DEVELOPMENT_TEAM = VETRU2J3NX;
				INFOPLIST_FILE = AppHeader/Info.plist;
				LD_RUNPATH_SEARCH_PATHS = (
					"$(inherited)",
					"@executable_path/Frameworks",
				);
				PRODUCT_BUNDLE_IDENTIFIER = com.maxnelsondevelopment.AppHeader;
				PRODUCT_NAME = "$(TARGET_NAME)";
				SWIFT_VERSION = 4.0;
				TARGETED_DEVICE_FAMILY = "1,2";
			};
			name = Debug;
		};
		7927500D20B4B4960068CE40 /* Release */ = {
			isa = XCBuildConfiguration;
			buildSettings = {
				ASSETCATALOG_COMPILER_APPICON_NAME = AppIcon;
				CODE_SIGN_STYLE = Automatic;
				DEVELOPMENT_TEAM = VETRU2J3NX;
				INFOPLIST_FILE = AppHeader/Info.plist;
				LD_RUNPATH_SEARCH_PATHS = (
					"$(inherited)",
					"@executable_path/Frameworks",
				);
				PRODUCT_BUNDLE_IDENTIFIER = com.maxnelsondevelopment.AppHeader;
				PRODUCT_NAME = "$(TARGET_NAME)";
				SWIFT_VERSION = 4.0;
				TARGETED_DEVICE_FAMILY = "1,2";
			};
			name = Release;
		};
/* End XCBuildConfiguration section */

/* Begin XCConfigurationList section */
		79274FF120B4B4950068CE40 /* Build configuration list for PBXProject "AppHeader" */ = {
			isa = XCConfigurationList;
			buildConfigurations = (
				7927500920B4B4960068CE40 /* Debug */,
				7927500A20B4B4960068CE40 /* Release */,
			);
			defaultConfigurationIsVisible = 0;
			defaultConfigurationName = Release;
		};
		7927500B20B4B4960068CE40 /* Build configuration list for PBXNativeTarget "AppHeader" */ = {
			isa = XCConfigurationList;
			buildConfigurations = (
				7927500C20B4B4960068CE40 /* Debug */,
				7927500D20B4B4960068CE40 /* Release */,
			);
			defaultConfigurationIsVisible = 0;
			defaultConfigurationName = Release;
		};
/* End XCConfigurationList section */

/* Begin XCVersionGroup section */
		7927500020B4B4950068CE40 /* AppHeader.xcdatamodeld */ = {
			isa = XCVersionGroup;
			children = (
				7927500120B4B4950068CE40 /* AppHeader.xcdatamodel */,
			);
			currentVersion = 7927500120B4B4950068CE40 /* AppHeader.xcdatamodel */;
			path = AppHeader.xcdatamodeld;
			sourceTree = "<group>";
			versionGroupType = wrapper.xcdatamodel;
		};
/* End XCVersionGroup section */
	};
	rootObject = 79274FEE20B4B4950068CE40 /* Project object */;
}
